<?xml version="1.0" encoding="utf-8"?>
<Project ToolsVersion="4.0" xmlns="http://schemas.microsoft.com/developer/msbuild/2003">
  <ItemGroup>
    <ClCompile Include="game_main.cpp" />
    <ClCompile Include="JWGame.cpp" />
    <ClCompile Include="..\CoreBase\JWWindow.cpp">
      <Filter>CoreBase</Filter>
    </ClCompile>
    <ClCompile Include="..\CoreBase\JWLine.cpp">
      <Filter>CoreBase</Filter>
    </ClCompile>
    <ClCompile Include="..\CoreBase\JWInput.cpp">
      <Filter>CoreBase</Filter>
    </ClCompile>
    <ClCompile Include="..\CoreBase\JWImage.cpp">
      <Filter>CoreBase</Filter>
    </ClCompile>
    <ClCompile Include="..\Core\JWBackground.cpp">
      <Filter>Core</Filter>
    </ClCompile>
    <ClCompile Include="..\Core\JWEffect.cpp">
      <Filter>Core</Filter>
    </ClCompile>
    <ClCompile Include="..\Core\JWLife.cpp">
      <Filter>Core</Filter>
    </ClCompile>
    <ClCompile Include="..\Core\JWMap.cpp">
      <Filter>Core</Filter>
    </ClCompile>
    <ClCompile Include="..\Core\JWMonsters.cpp">
      <Filter>Core</Filter>
    </ClCompile>
    <ClCompile Include="..\Core\JWFont.cpp">
      <Filter>Core</Filter>
    </ClCompile>
    <ClCompile Include="..\MapEditor\JWTileMapSelector.cpp">
      <Filter>/MapEditor</Filter>
    </ClCompile>
  </ItemGroup>
  <ItemGroup>
    <ClInclude Include="JWGame.h" />
    <ClInclude Include="..\CoreBase\JWWindow.h">
      <Filter>CoreBase</Filter>
    </ClInclude>
    <ClInclude Include="..\CoreBase\JWLine.h">
      <Filter>CoreBase</Filter>
    </ClInclude>
    <ClInclude Include="..\CoreBase\JWInput.h">
      <Filter>CoreBase</Filter>
    </ClInclude>
    <ClInclude Include="..\CoreBase\JWImage.h">
      <Filter>CoreBase</Filter>
    </ClInclude>
    <ClInclude Include="..\CoreBase\JWCommon.h">
      <Filter>CoreBase</Filter>
    </ClInclude>
    <ClInclude Include="..\Core\JWBackground.h">
      <Filter>Core</Filter>
    </ClInclude>
    <ClInclude Include="..\Core\JWEffect.h">
      <Filter>Core</Filter>
    </ClInclude>
    <ClInclude Include="..\Core\JWLife.h">
      <Filter>Core</Filter>
    </ClInclude>
    <ClInclude Include="..\Core\JWMap.h">
      <Filter>Core</Filter>
    </ClInclude>
    <ClInclude Include="..\Core\JWMonsters.h">
      <Filter>Core</Filter>
    </ClInclude>
    <ClInclude Include="..\Core\JWFont.h">
      <Filter>Core</Filter>
    </ClInclude>
    <ClInclude Include="..\MapEditor\JWTileMapSelector.h">
      <Filter>/MapEditor</Filter>
    </ClInclude>
  </ItemGroup>
  <ItemGroup>
    <Filter Include="Core">
      <UniqueIdentifier>{8c357a1c-cd6a-4938-8201-fb53d96479a9}</UniqueIdentifier>
    </Filter>
    <Filter Include="CoreBase">
      <UniqueIdentifier>{75a27493-75b9-42e5-85a8-aa450156a321}</UniqueIdentifier>
    </Filter>
    <Filter Include="/MapEditor">
      <UniqueIdentifier>{a594f8c4-c43b-4f4c-a283-eb4b7ba16b6f}</UniqueIdentifier>
    </Filter>
  </ItemGroup>
</Project>