
Microsoft Visual Studio Solution File, Format Version 12.00
# Visual Studio 15
VisualStudioVersion = 15.0.28307.168
MinimumVisualStudioVersion = 10.0.40219.1
Project("{8BC9CEB8-8B4A-11D0-8D11-00A0C91BC942}") = "JWGame", "Game\JWGame.vcxproj", "{BC4350A5-FAD2-4092-B499-6948319A43D7}"
EndProject
Project("{8BC9CEB8-8B4A-11D0-8D11-00A0C91BC942}") = "JWMapEditor", "MapEditor\JWMapEditor.vcxproj", "{C069A9C5-7CC1-4E4C-A680-BA0573274629}"
EndProject
Global
	GlobalSection(SolutionConfigurationPlatforms) = preSolution
		Debug|x64 = Debug|x64
		Debug|x86 = Debug|x86
		Release|x64 = Release|x64
		Release|x86 = Release|x86
	EndGlobalSection
	GlobalSection(ProjectConfigurationPlatforms) = postSolution
		{BC4350A5-FAD2-4092-B499-6948319A43D7}.Debug|x64.ActiveCfg = Debug|x64
		{BC4350A5-FAD2-4092-B499-6948319A43D7}.Debug|x64.Build.0 = Debug|x64
		{BC4350A5-FAD2-4092-B499-6948319A43D7}.Debug|x86.ActiveCfg = Debug|Win32
		{BC4350A5-FAD2-4092-B499-6948319A43D7}.Debug|x86.Build.0 = Debug|Win32
		{BC4350A5-FAD2-4092-B499-6948319A43D7}.Release|x64.ActiveCfg = Release|x64
		{BC4350A5-FAD2-4092-B499-6948319A43D7}.Release|x64.Build.0 = Release|x64
		{BC4350A5-FAD2-4092-B499-6948319A43D7}.Release|x86.ActiveCfg = Release|Win32
		{BC4350A5-FAD2-4092-B499-6948319A43D7}.Release|x86.Build.0 = Release|Win32
		{C069A9C5-7CC1-4E4C-A680-BA0573274629}.Debug|x64.ActiveCfg = Debug|x64
		{C069A9C5-7CC1-4E4C-A680-BA0573274629}.Debug|x64.Build.0 = Debug|x64
		{C069A9C5-7CC1-4E4C-A680-BA0573274629}.Debug|x86.ActiveCfg = Debug|Win32
		{C069A9C5-7CC1-4E4C-A680-BA0573274629}.Debug|x86.Build.0 = Debug|Win32
		{C069A9C5-7CC1-4E4C-A680-BA0573274629}.Release|x64.ActiveCfg = Release|x64
		{C069A9C5-7CC1-4E4C-A680-BA0573274629}.Release|x64.Build.0 = Release|x64
		{C069A9C5-7CC1-4E4C-A680-BA0573274629}.Release|x86.ActiveCfg = Release|Win32
		{C069A9C5-7CC1-4E4C-A680-BA0573274629}.Release|x86.Build.0 = Release|Win32
	EndGlobalSection
	GlobalSection(SolutionProperties) = preSolution
		HideSolutionNode = FALSE
	EndGlobalSection
	GlobalSection(ExtensibilityGlobals) = postSolution
		SolutionGuid = {2BA34D84-3E87-447F-81F8-6955ECA87436}
	EndGlobalSection
EndGlobal
