<?xml version="1.0" encoding="utf-8"?>
<Project ToolsVersion="4.0" xmlns="http://schemas.microsoft.com/developer/msbuild/2003">
  <ItemGroup>
    <Filter Include="리소스 파일">
      <UniqueIdentifier>{67DA6AB6-F800-4c08-8B7A-83BB121AAD01}</UniqueIdentifier>
      <Extensions>rc;ico;cur;bmp;dlg;rc2;rct;bin;rgs;gif;jpg;jpeg;jpe;resx;tiff;tif;png;wav;mfcribbon-ms</Extensions>
    </Filter>
    <Filter Include="CoreBase">
      <UniqueIdentifier>{5ee23b4a-c15b-435c-ae58-d6233f15c5b5}</UniqueIdentifier>
    </Filter>
    <Filter Include="GUI">
      <UniqueIdentifier>{9aea3a85-724b-45c9-bc4f-05e1af10da14}</UniqueIdentifier>
    </Filter>
    <Filter Include="Dependency">
      <UniqueIdentifier>{79bd3b7d-c9a2-407c-843a-f00c968d7244}</UniqueIdentifier>
    </Filter>
  </ItemGroup>
  <ItemGroup>
    <ClInclude Include="..\CoreBase\JWCommon.h">
      <Filter>CoreBase</Filter>
    </ClInclude>
    <ClInclude Include="..\CoreBase\JWImage.h">
      <Filter>CoreBase</Filter>
    </ClInclude>
    <ClInclude Include="..\CoreBase\JWInput.h">
      <Filter>CoreBase</Filter>
    </ClInclude>
    <ClInclude Include="..\CoreBase\JWLine.h">
      <Filter>CoreBase</Filter>
    </ClInclude>
    <ClInclude Include="..\CoreBase\JWWindow.h">
      <Filter>CoreBase</Filter>
    </ClInclude>
    <ClInclude Include="JWGUI.h" />
    <ClInclude Include="..\CoreBase\JWBMFontParser.h">
      <Filter>CoreBase</Filter>
    </ClInclude>
    <ClInclude Include="..\CoreBase\JWFont.h">
      <Filter>CoreBase</Filter>
    </ClInclude>
    <ClInclude Include="..\Dependency\tinyxml2.h">
      <Filter>Dependency</Filter>
    </ClInclude>
    <ClInclude Include="JWControl.h">
      <Filter>GUI</Filter>
    </ClInclude>
    <ClInclude Include="JWLabel.h">
      <Filter>GUI</Filter>
    </ClInclude>
    <ClInclude Include="JWEdit.h">
      <Filter>GUI</Filter>
    </ClInclude>
    <ClInclude Include="..\CoreBase\JWRectangle.h">
      <Filter>CoreBase</Filter>
    </ClInclude>
    <ClInclude Include="JWTextButton.h">
      <Filter>GUI</Filter>
    </ClInclude>
    <ClInclude Include="JWImageButton.h">
      <Filter>GUI</Filter>
    </ClInclude>
    <ClInclude Include="JWCheckBox.h">
      <Filter>GUI</Filter>
    </ClInclude>
    <ClInclude Include="JWRadioBox.h">
      <Filter>GUI</Filter>
    </ClInclude>
  </ItemGroup>
  <ItemGroup>
    <ClCompile Include="..\CoreBase\JWImage.cpp">
      <Filter>CoreBase</Filter>
    </ClCompile>
    <ClCompile Include="..\CoreBase\JWInput.cpp">
      <Filter>CoreBase</Filter>
    </ClCompile>
    <ClCompile Include="..\CoreBase\JWLine.cpp">
      <Filter>CoreBase</Filter>
    </ClCompile>
    <ClCompile Include="..\CoreBase\JWWindow.cpp">
      <Filter>CoreBase</Filter>
    </ClCompile>
    <ClCompile Include="gui_main.cpp" />
    <ClCompile Include="JWGUI.cpp" />
    <ClCompile Include="..\CoreBase\JWBMFontParser.cpp">
      <Filter>CoreBase</Filter>
    </ClCompile>
    <ClCompile Include="..\CoreBase\JWFont.cpp">
      <Filter>CoreBase</Filter>
    </ClCompile>
    <ClCompile Include="..\Dependency\tinyxml2.cpp">
      <Filter>Dependency</Filter>
    </ClCompile>
    <ClCompile Include="JWControl.cpp">
      <Filter>GUI</Filter>
    </ClCompile>
    <ClCompile Include="JWLabel.cpp">
      <Filter>GUI</Filter>
    </ClCompile>
    <ClCompile Include="JWEdit.cpp">
      <Filter>GUI</Filter>
    </ClCompile>
    <ClCompile Include="..\CoreBase\JWRectangle.cpp">
      <Filter>CoreBase</Filter>
    </ClCompile>
    <ClCompile Include="JWTextButton.cpp">
      <Filter>GUI</Filter>
    </ClCompile>
    <ClCompile Include="JWImageButton.cpp">
      <Filter>GUI</Filter>
    </ClCompile>
    <ClCompile Include="JWCheckBox.cpp">
      <Filter>GUI</Filter>
    </ClCompile>
    <ClCompile Include="JWRadioBox.cpp">
      <Filter>GUI</Filter>
    </ClCompile>
  </ItemGroup>
</Project>